
Microsoft Visual Studio Solution File, Format Version 12.00
# Visual Studio Version 16
VisualStudioVersion = 16.0.29613.14
MinimumVisualStudioVersion = 10.0.40219.1
Project("{FAE04EC0-301F-11D3-BF4B-00C04F79EFBC}") = "WebMVC", "src\Web Apps\WebMVC\WebMVC.csproj", "{D9D5B4A7-87DD-4E05-B8B5-A1D2BDA11692}"
EndProject
Project("{2150E333-8FDC-42A3-9474-1A3956D46DE8}") = "src", "src", "{CA3A2BB0-A317-4B78-AAB0-9157E26BF970}"
EndProject
Project("{2150E333-8FDC-42A3-9474-1A3956D46DE8}") = "Web Apps", "Web Apps", "{DC37B54E-0298-4A97-B527-5A78AEB788F1}"
EndProject
Project("{2150E333-8FDC-42A3-9474-1A3956D46DE8}") = "Services", "Services", "{A5A2E006-443C-4AA9-B0C5-3BE689A7CFC9}"
EndProject
Project("{2150E333-8FDC-42A3-9474-1A3956D46DE8}") = "Catalog", "Catalog", "{3D2AFF34-78C5-4B8C-8B2F-015015AF5ABE}"
EndProject
Project("{FAE04EC0-301F-11D3-BF4B-00C04F79EFBC}") = "Catalog.API", "src\Services\Catalog\Catalog.API\Catalog.API.csproj", "{CEB2A746-4D33-490D-BB72-884285C69741}"
EndProject
Project("{E53339B2-1760-4266-BCC7-CA923CBCF16C}") = "docker-compose", "docker-compose.dcproj", "{FB9560DB-D2D0-488D-A652-41483DA4694C}"
EndProject
Global
	GlobalSection(SolutionConfigurationPlatforms) = preSolution
		Debug|Any CPU = Debug|Any CPU
		Release|Any CPU = Release|Any CPU
	EndGlobalSection
	GlobalSection(ProjectConfigurationPlatforms) = postSolution
		{D9D5B4A7-87DD-4E05-B8B5-A1D2BDA11692}.Debug|Any CPU.ActiveCfg = Debug|Any CPU
		{D9D5B4A7-87DD-4E05-B8B5-A1D2BDA11692}.Debug|Any CPU.Build.0 = Debug|Any CPU
		{D9D5B4A7-87DD-4E05-B8B5-A1D2BDA11692}.Release|Any CPU.ActiveCfg = Release|Any CPU
		{D9D5B4A7-87DD-4E05-B8B5-A1D2BDA11692}.Release|Any CPU.Build.0 = Release|Any CPU
		{CEB2A746-4D33-490D-BB72-884285C69741}.Debug|Any CPU.ActiveCfg = Debug|Any CPU
		{CEB2A746-4D33-490D-BB72-884285C69741}.Debug|Any CPU.Build.0 = Debug|Any CPU
		{CEB2A746-4D33-490D-BB72-884285C69741}.Release|Any CPU.ActiveCfg = Release|Any CPU
		{CEB2A746-4D33-490D-BB72-884285C69741}.Release|Any CPU.Build.0 = Release|Any CPU
		{FB9560DB-D2D0-488D-A652-41483DA4694C}.Debug|Any CPU.ActiveCfg = Debug|Any CPU
		{FB9560DB-D2D0-488D-A652-41483DA4694C}.Debug|Any CPU.Build.0 = Debug|Any CPU
		{FB9560DB-D2D0-488D-A652-41483DA4694C}.Release|Any CPU.ActiveCfg = Release|Any CPU
		{FB9560DB-D2D0-488D-A652-41483DA4694C}.Release|Any CPU.Build.0 = Release|Any CPU
	EndGlobalSection
	GlobalSection(SolutionProperties) = preSolution
		HideSolutionNode = FALSE
	EndGlobalSection
	GlobalSection(NestedProjects) = preSolution
		{D9D5B4A7-87DD-4E05-B8B5-A1D2BDA11692} = {DC37B54E-0298-4A97-B527-5A78AEB788F1}
		{DC37B54E-0298-4A97-B527-5A78AEB788F1} = {CA3A2BB0-A317-4B78-AAB0-9157E26BF970}
		{A5A2E006-443C-4AA9-B0C5-3BE689A7CFC9} = {CA3A2BB0-A317-4B78-AAB0-9157E26BF970}
		{3D2AFF34-78C5-4B8C-8B2F-015015AF5ABE} = {A5A2E006-443C-4AA9-B0C5-3BE689A7CFC9}
		{CEB2A746-4D33-490D-BB72-884285C69741} = {3D2AFF34-78C5-4B8C-8B2F-015015AF5ABE}
	EndGlobalSection
	GlobalSection(ExtensibilityGlobals) = postSolution
		SolutionGuid = {88DD4403-3E1D-400B-AF8B-06D3FEA27856}
	EndGlobalSection
EndGlobal
